
Microsoft Visual Studio Solution File, Format Version 12.00
# Visual Studio 15
VisualStudioVersion = 15.0.28307.572
MinimumVisualStudioVersion = 10.0.40219.1
Project("{9A19103F-16F7-4668-BE54-9A1E7A4F7556}") = "VinilEcommerce", "VinilEcommerce\VinilEcommerce.csproj", "{387C291C-95AE-444E-84F2-D4C4CF04934A}"
EndProject
Project("{2150E333-8FDC-42A3-9474-1A3956D46DE8}") = "1 - Presentation", "1 - Presentation", "{0B4D96C7-4492-4A52-87E8-970C7AED6F4B}"
EndProject
Project("{2150E333-8FDC-42A3-9474-1A3956D46DE8}") = "2 - Domain", "2 - Domain", "{F9ED7EDB-B3D8-4895-B1EB-A37A6C30D0F8}"
EndProject
Project("{9A19103F-16F7-4668-BE54-9A1E7A4F7556}") = "VinilEcommerce.Domain", "VinilEcommerce.Domain\VinilEcommerce.Domain.csproj", "{B4D93253-149B-4236-A266-73B2609A98F8}"
EndProject
Project("{2150E333-8FDC-42A3-9474-1A3956D46DE8}") = "3 - Infrastructure", "3 - Infrastructure", "{A7EE3D2D-7C5F-4A2A-8B0B-D281DB929104}"
EndProject
Project("{9A19103F-16F7-4668-BE54-9A1E7A4F7556}") = "VinilEcommerce.Infrastructure.Data.Query", "VinilEcommerce.Infrastructure.Data.Query\VinilEcommerce.Infrastructure.Data.Query.csproj", "{92D5B1DA-881E-4EDB-862A-9031C50A6AD6}"
EndProject
Project("{9A19103F-16F7-4668-BE54-9A1E7A4F7556}") = "VinilEcommerce.Infrastructure.Data.DataBase", "VinilEcommerce.Infrastructure.Data.DataBase\VinilEcommerce.Infrastructure.Data.DataBase.csproj", "{A9CBE62E-882C-412F-9C05-A8B3649E04EC}"
EndProject
Project("{9A19103F-16F7-4668-BE54-9A1E7A4F7556}") = "VinilEcommerce.Infrastructure.Service", "VinilEcommerce.Infrastructure.Service\VinilEcommerce.Infrastructure.Service.csproj", "{5249D2BA-585A-4DF1-9EB0-5285C278B1BF}"
EndProject
Project("{2150E333-8FDC-42A3-9474-1A3956D46DE8}") = "4 - CrossCutting", "4 - CrossCutting", "{6D627760-A205-41D9-9AC3-436ADD10B072}"
EndProject
Project("{9A19103F-16F7-4668-BE54-9A1E7A4F7556}") = "VinilEcommerce.CrossCutting.Exception", "VinilEcommerce.CrossCutting.Exception\VinilEcommerce.CrossCutting.Exception.csproj", "{797FE7D2-5AEF-48E5-A387-2B8FCA8D86E4}"
EndProject
Project("{2150E333-8FDC-42A3-9474-1A3956D46DE8}") = "5 - Tests", "5 - Tests", "{519F6971-92ED-4CB1-8E69-695CE137CC4E}"
EndProject
Project("{9A19103F-16F7-4668-BE54-9A1E7A4F7556}") = "VinilEcommerce.Domain.Tests", "VinilEcommerce.Domain.Tests\VinilEcommerce.Domain.Tests.csproj", "{3B68A635-4EC7-4042-910B-458C42105BA9}"
EndProject
Project("{FAE04EC0-301F-11D3-BF4B-00C04F79EFBC}") = "VinilEcommerce.Infrastructure.Data.Query.Tests", "VinilEcommerce.Infrastructure.Data.Query.Tests\VinilEcommerce.Infrastructure.Data.Query.Tests.csproj", "{AF16A04C-2087-4E63-8FC5-556EBCB34F1C}"
EndProject
Global
	GlobalSection(SolutionConfigurationPlatforms) = preSolution
		Debug|Any CPU = Debug|Any CPU
		Release|Any CPU = Release|Any CPU
	EndGlobalSection
	GlobalSection(ProjectConfigurationPlatforms) = postSolution
		{387C291C-95AE-444E-84F2-D4C4CF04934A}.Debug|Any CPU.ActiveCfg = Debug|Any CPU
		{387C291C-95AE-444E-84F2-D4C4CF04934A}.Debug|Any CPU.Build.0 = Debug|Any CPU
		{387C291C-95AE-444E-84F2-D4C4CF04934A}.Release|Any CPU.ActiveCfg = Release|Any CPU
		{387C291C-95AE-444E-84F2-D4C4CF04934A}.Release|Any CPU.Build.0 = Release|Any CPU
		{B4D93253-149B-4236-A266-73B2609A98F8}.Debug|Any CPU.ActiveCfg = Debug|Any CPU
		{B4D93253-149B-4236-A266-73B2609A98F8}.Debug|Any CPU.Build.0 = Debug|Any CPU
		{B4D93253-149B-4236-A266-73B2609A98F8}.Release|Any CPU.ActiveCfg = Release|Any CPU
		{B4D93253-149B-4236-A266-73B2609A98F8}.Release|Any CPU.Build.0 = Release|Any CPU
		{92D5B1DA-881E-4EDB-862A-9031C50A6AD6}.Debug|Any CPU.ActiveCfg = Debug|Any CPU
		{92D5B1DA-881E-4EDB-862A-9031C50A6AD6}.Debug|Any CPU.Build.0 = Debug|Any CPU
		{92D5B1DA-881E-4EDB-862A-9031C50A6AD6}.Release|Any CPU.ActiveCfg = Release|Any CPU
		{92D5B1DA-881E-4EDB-862A-9031C50A6AD6}.Release|Any CPU.Build.0 = Release|Any CPU
		{A9CBE62E-882C-412F-9C05-A8B3649E04EC}.Debug|Any CPU.ActiveCfg = Debug|Any CPU
		{A9CBE62E-882C-412F-9C05-A8B3649E04EC}.Debug|Any CPU.Build.0 = Debug|Any CPU
		{A9CBE62E-882C-412F-9C05-A8B3649E04EC}.Release|Any CPU.ActiveCfg = Release|Any CPU
		{A9CBE62E-882C-412F-9C05-A8B3649E04EC}.Release|Any CPU.Build.0 = Release|Any CPU
		{5249D2BA-585A-4DF1-9EB0-5285C278B1BF}.Debug|Any CPU.ActiveCfg = Debug|Any CPU
		{5249D2BA-585A-4DF1-9EB0-5285C278B1BF}.Debug|Any CPU.Build.0 = Debug|Any CPU
		{5249D2BA-585A-4DF1-9EB0-5285C278B1BF}.Release|Any CPU.ActiveCfg = Release|Any CPU
		{5249D2BA-585A-4DF1-9EB0-5285C278B1BF}.Release|Any CPU.Build.0 = Release|Any CPU
		{797FE7D2-5AEF-48E5-A387-2B8FCA8D86E4}.Debug|Any CPU.ActiveCfg = Debug|Any CPU
		{797FE7D2-5AEF-48E5-A387-2B8FCA8D86E4}.Debug|Any CPU.Build.0 = Debug|Any CPU
		{797FE7D2-5AEF-48E5-A387-2B8FCA8D86E4}.Release|Any CPU.ActiveCfg = Release|Any CPU
		{797FE7D2-5AEF-48E5-A387-2B8FCA8D86E4}.Release|Any CPU.Build.0 = Release|Any CPU
		{3B68A635-4EC7-4042-910B-458C42105BA9}.Debug|Any CPU.ActiveCfg = Debug|Any CPU
		{3B68A635-4EC7-4042-910B-458C42105BA9}.Debug|Any CPU.Build.0 = Debug|Any CPU
		{3B68A635-4EC7-4042-910B-458C42105BA9}.Release|Any CPU.ActiveCfg = Release|Any CPU
		{3B68A635-4EC7-4042-910B-458C42105BA9}.Release|Any CPU.Build.0 = Release|Any CPU
		{AF16A04C-2087-4E63-8FC5-556EBCB34F1C}.Debug|Any CPU.ActiveCfg = Debug|Any CPU
		{AF16A04C-2087-4E63-8FC5-556EBCB34F1C}.Debug|Any CPU.Build.0 = Debug|Any CPU
		{AF16A04C-2087-4E63-8FC5-556EBCB34F1C}.Release|Any CPU.ActiveCfg = Release|Any CPU
		{AF16A04C-2087-4E63-8FC5-556EBCB34F1C}.Release|Any CPU.Build.0 = Release|Any CPU
	EndGlobalSection
	GlobalSection(SolutionProperties) = preSolution
		HideSolutionNode = FALSE
	EndGlobalSection
	GlobalSection(NestedProjects) = preSolution
		{387C291C-95AE-444E-84F2-D4C4CF04934A} = {0B4D96C7-4492-4A52-87E8-970C7AED6F4B}
		{B4D93253-149B-4236-A266-73B2609A98F8} = {F9ED7EDB-B3D8-4895-B1EB-A37A6C30D0F8}
		{92D5B1DA-881E-4EDB-862A-9031C50A6AD6} = {A7EE3D2D-7C5F-4A2A-8B0B-D281DB929104}
		{A9CBE62E-882C-412F-9C05-A8B3649E04EC} = {A7EE3D2D-7C5F-4A2A-8B0B-D281DB929104}
		{5249D2BA-585A-4DF1-9EB0-5285C278B1BF} = {A7EE3D2D-7C5F-4A2A-8B0B-D281DB929104}
		{797FE7D2-5AEF-48E5-A387-2B8FCA8D86E4} = {6D627760-A205-41D9-9AC3-436ADD10B072}
		{3B68A635-4EC7-4042-910B-458C42105BA9} = {519F6971-92ED-4CB1-8E69-695CE137CC4E}
		{AF16A04C-2087-4E63-8FC5-556EBCB34F1C} = {519F6971-92ED-4CB1-8E69-695CE137CC4E}
	EndGlobalSection
	GlobalSection(ExtensibilityGlobals) = postSolution
		SolutionGuid = {80D4B8DE-3A64-4C25-8021-9A54A54E80EB}
	EndGlobalSection
EndGlobal
